
Microsoft Visual Studio Solution File, Format Version 12.00
# Visual Studio 15
VisualStudioVersion = 15.0.26403.7
MinimumVisualStudioVersion = 10.0.40219.1
Project("{FAE04EC0-301F-11D3-BF4B-00C04F79EFBC}") = "Structural", "StructuralDesignPatterns\Structural.csproj", "{D7C886A9-9A07-49BE-9787-51B2B13E1588}"
EndProject
Project("{FAE04EC0-301F-11D3-BF4B-00C04F79EFBC}") = "Creational", "CreationalDesignPatterns\Creational.csproj", "{59B1D6DC-5082-489B-91F4-9D308B3928BD}"
EndProject
Project("{FAE04EC0-301F-11D3-BF4B-00C04F79EFBC}") = "Commons", "Commons\Commons.csproj", "{5F7DFDA6-43AA-4EC8-A338-EFD482A20DB8}"
EndProject
Global
	GlobalSection(SolutionConfigurationPlatforms) = preSolution
		Debug|Any CPU = Debug|Any CPU
		Release|Any CPU = Release|Any CPU
	EndGlobalSection
	GlobalSection(ProjectConfigurationPlatforms) = postSolution
		{D7C886A9-9A07-49BE-9787-51B2B13E1588}.Debug|Any CPU.ActiveCfg = Debug|Any CPU
		{D7C886A9-9A07-49BE-9787-51B2B13E1588}.Debug|Any CPU.Build.0 = Debug|Any CPU
		{D7C886A9-9A07-49BE-9787-51B2B13E1588}.Release|Any CPU.ActiveCfg = Release|Any CPU
		{D7C886A9-9A07-49BE-9787-51B2B13E1588}.Release|Any CPU.Build.0 = Release|Any CPU
		{59B1D6DC-5082-489B-91F4-9D308B3928BD}.Debug|Any CPU.ActiveCfg = Debug|Any CPU
		{59B1D6DC-5082-489B-91F4-9D308B3928BD}.Debug|Any CPU.Build.0 = Debug|Any CPU
		{59B1D6DC-5082-489B-91F4-9D308B3928BD}.Release|Any CPU.ActiveCfg = Release|Any CPU
		{59B1D6DC-5082-489B-91F4-9D308B3928BD}.Release|Any CPU.Build.0 = Release|Any CPU
		{5F7DFDA6-43AA-4EC8-A338-EFD482A20DB8}.Debug|Any CPU.ActiveCfg = Debug|Any CPU
		{5F7DFDA6-43AA-4EC8-A338-EFD482A20DB8}.Debug|Any CPU.Build.0 = Debug|Any CPU
		{5F7DFDA6-43AA-4EC8-A338-EFD482A20DB8}.Release|Any CPU.ActiveCfg = Release|Any CPU
		{5F7DFDA6-43AA-4EC8-A338-EFD482A20DB8}.Release|Any CPU.Build.0 = Release|Any CPU
	EndGlobalSection
	GlobalSection(SolutionProperties) = preSolution
		HideSolutionNode = FALSE
	EndGlobalSection
EndGlobal
